{
  "name": "storybook-mock-date-decorator",
  "version": "2.0.3",
  "lockfileVersion": 3,
  "requires": true,
  "packages": {
    "": {
      "name": "storybook-mock-date-decorator",
      "version": "2.0.3",
      "license": "ISC",
      "dependencies": {
        "mockdate": "^3.0.5"
      },
      "peerDependencies": {
        "@storybook/addons": ">=6"
      }
    },
    "node_modules/@babel/helper-string-parser": {
      "version": "7.24.8",
      "resolved": "https://registry.npmjs.org/@babel/helper-string-parser/-/helper-string-parser-7.24.8.tgz",
      "integrity": "sha512-pO9KhhRcuUyGnJWwyEgnRJTSIZHiT+vMD0kPeD+so0l7mxkMT19g3pjY9GTnHySck/hDzq+dtW/4VgnMkippsQ==",
      "peer": true,
      "engines": {
        "node": ">=6.9.0"
      }
    },
    "node_modules/@babel/helper-validator-identifier": {
      "version": "7.24.7",
      "resolved": "https://registry.npmjs.org/@babel/helper-validator-identifier/-/helper-validator-identifier-7.24.7.tgz",
      "integrity": "sha512-rR+PBcQ1SMQDDyF6X0wxtG8QyLCgUB0eRAGguqRLfkCA87l7yAP7ehq8SNj96OOGTO8OBV70KhuFYcIkHXOg0w==",
      "peer": true,
      "engines": {
        "node": ">=6.9.0"
      }
    },
    "node_modules/@babel/parser": {
      "version": "7.24.8",
      "resolved": "https://registry.npmjs.org/@babel/parser/-/parser-7.24.8.tgz",
      "integrity": "sha512-WzfbgXOkGzZiXXCqk43kKwZjzwx4oulxZi3nq2TYL9mOjQv6kYwul9mz6ID36njuL7Xkp6nJEfok848Zj10j/w==",
      "peer": true,
      "bin": {
        "parser": "bin/babel-parser.js"
      },
      "engines": {
        "node": ">=6.0.0"
      }
    },
    "node_modules/@babel/types": {
      "version": "7.24.9",
      "resolved": "https://registry.npmjs.org/@babel/types/-/types-7.24.9.tgz",
      "integrity": "sha512-xm8XrMKz0IlUdocVbYJe0Z9xEgidU7msskG8BbhnTPK/HZ2z/7FP7ykqPgrUH+C+r414mNfNWam1f2vqOjqjYQ==",
      "peer": true,
      "dependencies": {
        "@babel/helper-string-parser": "^7.24.8",
        "@babel/helper-validator-identifier": "^7.24.7",
        "to-fast-properties": "^2.0.0"
      },
      "engines": {
        "node": ">=6.9.0"
      }
    },
    "node_modules/@emotion/use-insertion-effect-with-fallbacks": {
      "version": "1.0.1",
      "resolved": "https://registry.npmjs.org/@emotion/use-insertion-effect-with-fallbacks/-/use-insertion-effect-with-fallbacks-1.0.1.tgz",
      "integrity": "sha512-jT/qyKZ9rzLErtrjGgdkMBn2OP8wl0G3sQlBb3YPryvKHsjvINUhVaPFfP+fpBcOkmrVOVEEHQFJ7nbj2TH2gw==",
      "peer": true,
      "peerDependencies": {
        "react": ">=16.8.0"
      }
    },
    "node_modules/@storybook/addons": {
      "version": "7.6.17",
      "resolved": "https://registry.npmjs.org/@storybook/addons/-/addons-7.6.17.tgz",
      "integrity": "sha512-Ok18Y698Ccyg++MoUNJNHY0cXUvo8ETFIRLJk1g9ElJ70j6kPgNnzW2pAtZkBNmswHtofZ7pT156cj96k/LgfA==",
      "peer": true,
      "dependencies": {
        "@storybook/manager-api": "7.6.17",
        "@storybook/preview-api": "7.6.17",
        "@storybook/types": "7.6.17"
      },
      "funding": {
        "type": "opencollective",
        "url": "https://opencollective.com/storybook"
      }
    },
    "node_modules/@storybook/channels": {
      "version": "7.6.17",
      "resolved": "https://registry.npmjs.org/@storybook/channels/-/channels-7.6.17.tgz",
      "integrity": "sha512-GFG40pzaSxk1hUr/J/TMqW5AFDDPUSu+HkeE/oqSWJbOodBOLJzHN6CReJS6y1DjYSZLNFt1jftPWZZInG/XUA==",
      "peer": true,
      "dependencies": {
        "@storybook/client-logger": "7.6.17",
        "@storybook/core-events": "7.6.17",
        "@storybook/global": "^5.0.0",
        "qs": "^6.10.0",
        "telejson": "^7.2.0",
        "tiny-invariant": "^1.3.1"
      },
      "funding": {
        "type": "opencollective",
        "url": "https://opencollective.com/storybook"
      }
    },
    "node_modules/@storybook/client-logger": {
      "version": "7.6.17",
      "resolved": "https://registry.npmjs.org/@storybook/client-logger/-/client-logger-7.6.17.tgz",
      "integrity": "sha512-6WBYqixAXNAXlSaBWwgljWpAu10tPRBJrcFvx2gPUne58EeMM20Gi/iHYBz2kMCY+JLAgeIH7ZxInqwO8vDwiQ==",
      "peer": true,
      "dependencies": {
        "@storybook/global": "^5.0.0"
      },
      "funding": {
        "type": "opencollective",
        "url": "https://opencollective.com/storybook"
      }
    },
    "node_modules/@storybook/core-events": {
      "version": "7.6.17",
      "resolved": "https://registry.npmjs.org/@storybook/core-events/-/core-events-7.6.17.tgz",
      "integrity": "sha512-AriWMCm/k1cxlv10f+jZ1wavThTRpLaN3kY019kHWbYT9XgaSuLU67G7GPr3cGnJ6HuA6uhbzu8qtqVCd6OfXA==",
      "peer": true,
      "dependencies": {
        "ts-dedent": "^2.0.0"
      },
      "funding": {
        "type": "opencollective",
        "url": "https://opencollective.com/storybook"
      }
    },
    "node_modules/@storybook/csf": {
      "version": "0.1.11",
      "resolved": "https://registry.npmjs.org/@storybook/csf/-/csf-0.1.11.tgz",
      "integrity": "sha512-dHYFQH3mA+EtnCkHXzicbLgsvzYjcDJ1JWsogbItZogkPHgSJM/Wr71uMkcvw8v9mmCyP4NpXJuu6bPoVsOnzg==",
      "peer": true,
      "dependencies": {
        "type-fest": "^2.19.0"
      }
    },
    "node_modules/@storybook/global": {
      "version": "5.0.0",
      "resolved": "https://registry.npmjs.org/@storybook/global/-/global-5.0.0.tgz",
      "integrity": "sha512-FcOqPAXACP0I3oJ/ws6/rrPT9WGhu915Cg8D02a9YxLo0DE9zI+a9A5gRGvmQ09fiWPukqI8ZAEoQEdWUKMQdQ==",
      "peer": true
    },
    "node_modules/@storybook/manager-api": {
      "version": "7.6.17",
      "resolved": "https://registry.npmjs.org/@storybook/manager-api/-/manager-api-7.6.17.tgz",
      "integrity": "sha512-IJIV1Yc6yw1dhCY4tReHCfBnUKDqEBnMyHp3mbXpsaHxnxJZrXO45WjRAZIKlQKhl/Ge1CrnznmHRCmYgqmrWg==",
      "peer": true,
      "dependencies": {
        "@storybook/channels": "7.6.17",
        "@storybook/client-logger": "7.6.17",
        "@storybook/core-events": "7.6.17",
        "@storybook/csf": "^0.1.2",
        "@storybook/global": "^5.0.0",
        "@storybook/router": "7.6.17",
        "@storybook/theming": "7.6.17",
        "@storybook/types": "7.6.17",
        "dequal": "^2.0.2",
        "lodash": "^4.17.21",
        "memoizerific": "^1.11.3",
        "store2": "^2.14.2",
        "telejson": "^7.2.0",
        "ts-dedent": "^2.0.0"
      },
      "funding": {
        "type": "opencollective",
        "url": "https://opencollective.com/storybook"
      }
    },
    "node_modules/@storybook/preview-api": {
      "version": "7.6.17",
      "resolved": "https://registry.npmjs.org/@storybook/preview-api/-/preview-api-7.6.17.tgz",
      "integrity": "sha512-wLfDdI9RWo1f2zzFe54yRhg+2YWyxLZvqdZnSQ45mTs4/7xXV5Wfbv3QNTtcdw8tT3U5KRTrN1mTfTCiRJc0Kw==",
      "peer": true,
      "dependencies": {
        "@storybook/channels": "7.6.17",
        "@storybook/client-logger": "7.6.17",
        "@storybook/core-events": "7.6.17",
        "@storybook/csf": "^0.1.2",
        "@storybook/global": "^5.0.0",
        "@storybook/types": "7.6.17",
        "@types/qs": "^6.9.5",
        "dequal": "^2.0.2",
        "lodash": "^4.17.21",
        "memoizerific": "^1.11.3",
        "qs": "^6.10.0",
        "synchronous-promise": "^2.0.15",
        "ts-dedent": "^2.0.0",
        "util-deprecate": "^1.0.2"
      },
      "funding": {
        "type": "opencollective",
        "url": "https://opencollective.com/storybook"
      }
    },
    "node_modules/@storybook/router": {
      "version": "7.6.17",
      "resolved": "https://registry.npmjs.org/@storybook/router/-/router-7.6.17.tgz",
      "integrity": "sha512-GnyC0j6Wi5hT4qRhSyT8NPtJfGmf82uZw97LQRWeyYu5gWEshUdM7aj40XlNiScd5cZDp0owO1idduVF2k2l2A==",
      "peer": true,
      "dependencies": {
        "@storybook/client-logger": "7.6.17",
        "memoizerific": "^1.11.3",
        "qs": "^6.10.0"
      },
      "funding": {
        "type": "opencollective",
        "url": "https://opencollective.com/storybook"
      }
    },
    "node_modules/@storybook/theming": {
      "version": "7.6.17",
      "resolved": "https://registry.npmjs.org/@storybook/theming/-/theming-7.6.17.tgz",
      "integrity": "sha512-ZbaBt3KAbmBtfjNqgMY7wPMBshhSJlhodyMNQypv+95xLD/R+Az6aBYbpVAOygLaUQaQk4ar7H/Ww6lFIoiFbA==",
      "peer": true,
      "dependencies": {
        "@emotion/use-insertion-effect-with-fallbacks": "^1.0.0",
        "@storybook/client-logger": "7.6.17",
        "@storybook/global": "^5.0.0",
        "memoizerific": "^1.11.3"
      },
      "funding": {
        "type": "opencollective",
        "url": "https://opencollective.com/storybook"
      },
      "peerDependencies": {
        "react": "^16.8.0 || ^17.0.0 || ^18.0.0",
        "react-dom": "^16.8.0 || ^17.0.0 || ^18.0.0"
      }
    },
    "node_modules/@storybook/types": {
      "version": "7.6.17",
      "resolved": "https://registry.npmjs.org/@storybook/types/-/types-7.6.17.tgz",
      "integrity": "sha512-GRY0xEJQ0PrL7DY2qCNUdIfUOE0Gsue6N+GBJw9ku1IUDFLJRDOF+4Dx2BvYcVCPI5XPqdWKlEyZdMdKjiQN7Q==",
      "peer": true,
      "dependencies": {
        "@storybook/channels": "7.6.17",
        "@types/babel__core": "^7.0.0",
        "@types/express": "^4.7.0",
        "file-system-cache": "2.3.0"
      },
      "funding": {
        "type": "opencollective",
        "url": "https://opencollective.com/storybook"
      }
    },
    "node_modules/@types/babel__core": {
      "version": "7.20.5",
      "resolved": "https://registry.npmjs.org/@types/babel__core/-/babel__core-7.20.5.tgz",
      "integrity": "sha512-qoQprZvz5wQFJwMDqeseRXWv3rqMvhgpbXFfVyWhbx9X47POIA6i/+dXefEmZKoAgOaTdaIgNSMqMIU61yRyzA==",
      "peer": true,
      "dependencies": {
        "@babel/parser": "^7.20.7",
        "@babel/types": "^7.20.7",
        "@types/babel__generator": "*",
        "@types/babel__template": "*",
        "@types/babel__traverse": "*"
      }
    },
    "node_modules/@types/babel__generator": {
      "version": "7.6.8",
      "resolved": "https://registry.npmjs.org/@types/babel__generator/-/babel__generator-7.6.8.tgz",
      "integrity": "sha512-ASsj+tpEDsEiFr1arWrlN6V3mdfjRMZt6LtK/Vp/kreFLnr5QH5+DhvD5nINYZXzwJvXeGq+05iUXcAzVrqWtw==",
      "peer": true,
      "dependencies": {
        "@babel/types": "^7.0.0"
      }
    },
    "node_modules/@types/babel__template": {
      "version": "7.4.4",
      "resolved": "https://registry.npmjs.org/@types/babel__template/-/babel__template-7.4.4.tgz",
      "integrity": "sha512-h/NUaSyG5EyxBIp8YRxo4RMe2/qQgvyowRwVMzhYhBCONbW8PUsg4lkFMrhgZhUe5z3L3MiLDuvyJ/CaPa2A8A==",
      "peer": true,
      "dependencies": {
        "@babel/parser": "^7.1.0",
        "@babel/types": "^7.0.0"
      }
    },
    "node_modules/@types/babel__traverse": {
      "version": "7.20.6",
      "resolved": "https://registry.npmjs.org/@types/babel__traverse/-/babel__traverse-7.20.6.tgz",
      "integrity": "sha512-r1bzfrm0tomOI8g1SzvCaQHo6Lcv6zu0EA+W2kHrt8dyrHQxGzBBL4kdkzIS+jBMV+EYcMAEAqXqYaLJq5rOZg==",
      "peer": true,
      "dependencies": {
        "@babel/types": "^7.20.7"
      }
    },
    "node_modules/@types/body-parser": {
      "version": "1.19.5",
      "resolved": "https://registry.npmjs.org/@types/body-parser/-/body-parser-1.19.5.tgz",
      "integrity": "sha512-fB3Zu92ucau0iQ0JMCFQE7b/dv8Ot07NI3KaZIkIUNXq82k4eBAqUaneXfleGY9JWskeS9y+u0nXMyspcuQrCg==",
      "peer": true,
      "dependencies": {
        "@types/connect": "*",
        "@types/node": "*"
      }
    },
    "node_modules/@types/connect": {
      "version": "3.4.38",
      "resolved": "https://registry.npmjs.org/@types/connect/-/connect-3.4.38.tgz",
      "integrity": "sha512-K6uROf1LD88uDQqJCktA4yzL1YYAK6NgfsI0v/mTgyPKWsX1CnJ0XPSDhViejru1GcRkLWb8RlzFYJRqGUbaug==",
      "peer": true,
      "dependencies": {
        "@types/node": "*"
      }
    },
    "node_modules/@types/express": {
      "version": "4.17.21",
      "resolved": "https://registry.npmjs.org/@types/express/-/express-4.17.21.tgz",
      "integrity": "sha512-ejlPM315qwLpaQlQDTjPdsUFSc6ZsP4AN6AlWnogPjQ7CVi7PYF3YVz+CY3jE2pwYf7E/7HlDAN0rV2GxTG0HQ==",
      "peer": true,
      "dependencies": {
        "@types/body-parser": "*",
        "@types/express-serve-static-core": "^4.17.33",
        "@types/qs": "*",
        "@types/serve-static": "*"
      }
    },
    "node_modules/@types/express-serve-static-core": {
      "version": "4.19.5",
      "resolved": "https://registry.npmjs.org/@types/express-serve-static-core/-/express-serve-static-core-4.19.5.tgz",
      "integrity": "sha512-y6W03tvrACO72aijJ5uF02FRq5cgDR9lUxddQ8vyF+GvmjJQqbzDcJngEjURc+ZsG31VI3hODNZJ2URj86pzmg==",
      "peer": true,
      "dependencies": {
        "@types/node": "*",
        "@types/qs": "*",
        "@types/range-parser": "*",
        "@types/send": "*"
      }
    },
    "node_modules/@types/http-errors": {
      "version": "2.0.4",
      "resolved": "https://registry.npmjs.org/@types/http-errors/-/http-errors-2.0.4.tgz",
      "integrity": "sha512-D0CFMMtydbJAegzOyHjtiKPLlvnm3iTZyZRSZoLq2mRhDdmLfIWOCYPfQJ4cu2erKghU++QvjcUjp/5h7hESpA==",
      "peer": true
    },
    "node_modules/@types/mime": {
      "version": "1.3.5",
      "resolved": "https://registry.npmjs.org/@types/mime/-/mime-1.3.5.tgz",
      "integrity": "sha512-/pyBZWSLD2n0dcHE3hq8s8ZvcETHtEuF+3E7XVt0Ig2nvsVQXdghHVcEkIWjy9A0wKfTn97a/PSDYohKIlnP/w==",
      "peer": true
    },
    "node_modules/@types/node": {
      "version": "20.14.11",
      "resolved": "https://registry.npmjs.org/@types/node/-/node-20.14.11.tgz",
      "integrity": "sha512-kprQpL8MMeszbz6ojB5/tU8PLN4kesnN8Gjzw349rDlNgsSzg90lAVj3llK99Dh7JON+t9AuscPPFW6mPbTnSA==",
      "peer": true,
      "dependencies": {
        "undici-types": "~5.26.4"
      }
    },
    "node_modules/@types/qs": {
      "version": "6.9.15",
      "resolved": "https://registry.npmjs.org/@types/qs/-/qs-6.9.15.tgz",
      "integrity": "sha512-uXHQKES6DQKKCLh441Xv/dwxOq1TVS3JPUMlEqoEglvlhR6Mxnlew/Xq/LRVHpLyk7iK3zODe1qYHIMltO7XGg==",
      "peer": true
    },
    "node_modules/@types/range-parser": {
      "version": "1.2.7",
      "resolved": "https://registry.npmjs.org/@types/range-parser/-/range-parser-1.2.7.tgz",
      "integrity": "sha512-hKormJbkJqzQGhziax5PItDUTMAM9uE2XXQmM37dyd4hVM+5aVl7oVxMVUiVQn2oCQFN/LKCZdvSM0pFRqbSmQ==",
      "peer": true
    },
    "node_modules/@types/send": {
      "version": "0.17.4",
      "resolved": "https://registry.npmjs.org/@types/send/-/send-0.17.4.tgz",
      "integrity": "sha512-x2EM6TJOybec7c52BX0ZspPodMsQUd5L6PRwOunVyVUhXiBSKf3AezDL8Dgvgt5o0UfKNfuA0eMLr2wLT4AiBA==",
      "peer": true,
      "dependencies": {
        "@types/mime": "^1",
        "@types/node": "*"
      }
    },
    "node_modules/@types/serve-static": {
      "version": "1.15.7",
      "resolved": "https://registry.npmjs.org/@types/serve-static/-/serve-static-1.15.7.tgz",
      "integrity": "sha512-W8Ym+h8nhuRwaKPaDw34QUkwsGi6Rc4yYqvKFo5rm2FUEhCFbzVWrxXUxuKK8TASjWsysJY0nsmNCGhCOIsrOw==",
      "peer": true,
      "dependencies": {
        "@types/http-errors": "*",
        "@types/node": "*",
        "@types/send": "*"
      }
    },
    "node_modules/call-bind": {
      "version": "1.0.7",
      "resolved": "https://registry.npmjs.org/call-bind/-/call-bind-1.0.7.tgz",
      "integrity": "sha512-GHTSNSYICQ7scH7sZ+M2rFopRoLh8t2bLSW6BbgrtLsahOIB5iyAVJf9GjWK3cYTDaMj4XdBpM1cA6pIS0Kv2w==",
      "peer": true,
      "dependencies": {
        "es-define-property": "^1.0.0",
        "es-errors": "^1.3.0",
        "function-bind": "^1.1.2",
        "get-intrinsic": "^1.2.4",
        "set-function-length": "^1.2.1"
      },
      "engines": {
        "node": ">= 0.4"
      },
      "funding": {
        "url": "https://github.com/sponsors/ljharb"
      }
    },
    "node_modules/define-data-property": {
      "version": "1.1.4",
      "resolved": "https://registry.npmjs.org/define-data-property/-/define-data-property-1.1.4.tgz",
      "integrity": "sha512-rBMvIzlpA8v6E+SJZoo++HAYqsLrkg7MSfIinMPFhmkorw7X+dOXVJQs+QT69zGkzMyfDnIMN2Wid1+NbL3T+A==",
      "peer": true,
      "dependencies": {
        "es-define-property": "^1.0.0",
        "es-errors": "^1.3.0",
        "gopd": "^1.0.1"
      },
      "engines": {
        "node": ">= 0.4"
      },
      "funding": {
        "url": "https://github.com/sponsors/ljharb"
      }
    },
    "node_modules/dequal": {
      "version": "2.0.3",
      "resolved": "https://registry.npmjs.org/dequal/-/dequal-2.0.3.tgz",
      "integrity": "sha512-0je+qPKHEMohvfRTCEo3CrPG6cAzAYgmzKyxRiYSSDkS6eGJdyVJm7WaYA5ECaAD9wLB2T4EEeymA5aFVcYXCA==",
      "peer": true,
      "engines": {
        "node": ">=6"
      }
    },
    "node_modules/es-define-property": {
      "version": "1.0.0",
      "resolved": "https://registry.npmjs.org/es-define-property/-/es-define-property-1.0.0.tgz",
      "integrity": "sha512-jxayLKShrEqqzJ0eumQbVhTYQM27CfT1T35+gCgDFoL82JLsXqTJ76zv6A0YLOgEnLUMvLzsDsGIrl8NFpT2gQ==",
      "peer": true,
      "dependencies": {
        "get-intrinsic": "^1.2.4"
      },
      "engines": {
        "node": ">= 0.4"
      }
    },
    "node_modules/es-errors": {
      "version": "1.3.0",
      "resolved": "https://registry.npmjs.org/es-errors/-/es-errors-1.3.0.tgz",
      "integrity": "sha512-Zf5H2Kxt2xjTvbJvP2ZWLEICxA6j+hAmMzIlypy4xcBg1vKVnx89Wy0GbS+kf5cwCVFFzdCFh2XSCFNULS6csw==",
      "peer": true,
      "engines": {
        "node": ">= 0.4"
      }
    },
    "node_modules/file-system-cache": {
      "version": "2.3.0",
      "resolved": "https://registry.npmjs.org/file-system-cache/-/file-system-cache-2.3.0.tgz",
      "integrity": "sha512-l4DMNdsIPsVnKrgEXbJwDJsA5mB8rGwHYERMgqQx/xAUtChPJMre1bXBzDEqqVbWv9AIbFezXMxeEkZDSrXUOQ==",
      "peer": true,
      "dependencies": {
        "fs-extra": "11.1.1",
        "ramda": "0.29.0"
      }
    },
    "node_modules/fs-extra": {
      "version": "11.1.1",
      "resolved": "https://registry.npmjs.org/fs-extra/-/fs-extra-11.1.1.tgz",
      "integrity": "sha512-MGIE4HOvQCeUCzmlHs0vXpih4ysz4wg9qiSAu6cd42lVwPbTM1TjV7RusoyQqMmk/95gdQZX72u+YW+c3eEpFQ==",
      "peer": true,
      "dependencies": {
        "graceful-fs": "^4.2.0",
        "jsonfile": "^6.0.1",
        "universalify": "^2.0.0"
      },
      "engines": {
        "node": ">=14.14"
      }
    },
    "node_modules/function-bind": {
      "version": "1.1.2",
      "resolved": "https://registry.npmjs.org/function-bind/-/function-bind-1.1.2.tgz",
      "integrity": "sha512-7XHNxH7qX9xG5mIwxkhumTox/MIRNcOgDrxWsMt2pAr23WHp6MrRlN7FBSFpCpr+oVO0F744iUgR82nJMfG2SA==",
      "peer": true,
      "funding": {
        "url": "https://github.com/sponsors/ljharb"
      }
    },
    "node_modules/get-intrinsic": {
      "version": "1.2.4",
      "resolved": "https://registry.npmjs.org/get-intrinsic/-/get-intrinsic-1.2.4.tgz",
      "integrity": "sha512-5uYhsJH8VJBTv7oslg4BznJYhDoRI6waYCxMmCdnTrcCrHA/fCFKoTFz2JKKE0HdDFUF7/oQuhzumXJK7paBRQ==",
      "peer": true,
      "dependencies": {
        "es-errors": "^1.3.0",
        "function-bind": "^1.1.2",
        "has-proto": "^1.0.1",
        "has-symbols": "^1.0.3",
        "hasown": "^2.0.0"
      },
      "engines": {
        "node": ">= 0.4"
      },
      "funding": {
        "url": "https://github.com/sponsors/ljharb"
      }
    },
    "node_modules/gopd": {
      "version": "1.0.1",
      "resolved": "https://registry.npmjs.org/gopd/-/gopd-1.0.1.tgz",
      "integrity": "sha512-d65bNlIadxvpb/A2abVdlqKqV563juRnZ1Wtk6s1sIR8uNsXR70xqIzVqxVf1eTqDunwT2MkczEeaezCKTZhwA==",
      "peer": true,
      "dependencies": {
        "get-intrinsic": "^1.1.3"
      },
      "funding": {
        "url": "https://github.com/sponsors/ljharb"
      }
    },
    "node_modules/graceful-fs": {
      "version": "4.2.11",
      "resolved": "https://registry.npmjs.org/graceful-fs/-/graceful-fs-4.2.11.tgz",
      "integrity": "sha512-RbJ5/jmFcNNCcDV5o9eTnBLJ/HszWV0P73bc+Ff4nS/rJj+YaS6IGyiOL0VoBYX+l1Wrl3k63h/KrH+nhJ0XvQ==",
      "peer": true
    },
    "node_modules/has-property-descriptors": {
      "version": "1.0.2",
      "resolved": "https://registry.npmjs.org/has-property-descriptors/-/has-property-descriptors-1.0.2.tgz",
      "integrity": "sha512-55JNKuIW+vq4Ke1BjOTjM2YctQIvCT7GFzHwmfZPGo5wnrgkid0YQtnAleFSqumZm4az3n2BS+erby5ipJdgrg==",
      "peer": true,
      "dependencies": {
        "es-define-property": "^1.0.0"
      },
      "funding": {
        "url": "https://github.com/sponsors/ljharb"
      }
    },
    "node_modules/has-proto": {
      "version": "1.0.3",
      "resolved": "https://registry.npmjs.org/has-proto/-/has-proto-1.0.3.tgz",
      "integrity": "sha512-SJ1amZAJUiZS+PhsVLf5tGydlaVB8EdFpaSO4gmiUKUOxk8qzn5AIy4ZeJUmh22znIdk/uMAUT2pl3FxzVUH+Q==",
      "peer": true,
      "engines": {
        "node": ">= 0.4"
      },
      "funding": {
        "url": "https://github.com/sponsors/ljharb"
      }
    },
    "node_modules/has-symbols": {
      "version": "1.0.3",
      "resolved": "https://registry.npmjs.org/has-symbols/-/has-symbols-1.0.3.tgz",
      "integrity": "sha512-l3LCuF6MgDNwTDKkdYGEihYjt5pRPbEg46rtlmnSPlUbgmB8LOIrKJbYYFBSbnPaJexMKtiPO8hmeRjRz2Td+A==",
      "peer": true,
      "engines": {
        "node": ">= 0.4"
      },
      "funding": {
        "url": "https://github.com/sponsors/ljharb"
      }
    },
    "node_modules/hasown": {
      "version": "2.0.2",
      "resolved": "https://registry.npmjs.org/hasown/-/hasown-2.0.2.tgz",
      "integrity": "sha512-0hJU9SCPvmMzIBdZFqNPXWa6dqh7WdH0cII9y+CyS8rG3nL48Bclra9HmKhVVUHyPWNH5Y7xDwAB7bfgSjkUMQ==",
      "peer": true,
      "dependencies": {
        "function-bind": "^1.1.2"
      },
      "engines": {
        "node": ">= 0.4"
      }
    },
    "node_modules/js-tokens": {
      "version": "4.0.0",
      "resolved": "https://registry.npmjs.org/js-tokens/-/js-tokens-4.0.0.tgz",
      "integrity": "sha512-RdJUflcE3cUzKiMqQgsCu06FPu9UdIJO0beYbPhHN4k6apgJtifcoCtT9bcxOpYBtpD2kCM6Sbzg4CausW/PKQ==",
      "peer": true
    },
    "node_modules/jsonfile": {
      "version": "6.1.0",
      "resolved": "https://registry.npmjs.org/jsonfile/-/jsonfile-6.1.0.tgz",
      "integrity": "sha512-5dgndWOriYSm5cnYaJNhalLNDKOqFwyDB/rr1E9ZsGciGvKPs8R2xYGCacuf3z6K1YKDz182fd+fY3cn3pMqXQ==",
      "peer": true,
      "dependencies": {
        "universalify": "^2.0.0"
      },
      "optionalDependencies": {
        "graceful-fs": "^4.1.6"
      }
    },
    "node_modules/lodash": {
      "version": "4.17.21",
      "resolved": "https://registry.npmjs.org/lodash/-/lodash-4.17.21.tgz",
      "integrity": "sha512-v2kDEe57lecTulaDIuNTPy3Ry4gLGJ6Z1O3vE1krgXZNrsQ+LFTGHVxVjcXPs17LhbZVGedAJv8XZ1tvj5FvSg==",
      "peer": true
    },
    "node_modules/loose-envify": {
      "version": "1.4.0",
      "resolved": "https://registry.npmjs.org/loose-envify/-/loose-envify-1.4.0.tgz",
      "integrity": "sha512-lyuxPGr/Wfhrlem2CL/UcnUc1zcqKAImBDzukY7Y5F/yQiNdko6+fRLevlw1HgMySw7f611UIY408EtxRSoK3Q==",
      "peer": true,
      "dependencies": {
        "js-tokens": "^3.0.0 || ^4.0.0"
      },
      "bin": {
        "loose-envify": "cli.js"
      }
    },
    "node_modules/map-or-similar": {
      "version": "1.5.0",
      "resolved": "https://registry.npmjs.org/map-or-similar/-/map-or-similar-1.5.0.tgz",
      "integrity": "sha512-0aF7ZmVon1igznGI4VS30yugpduQW3y3GkcgGJOp7d8x8QrizhigUxjI/m2UojsXXto+jLAH3KSz+xOJTiORjg==",
      "peer": true
    },
    "node_modules/memoizerific": {
      "version": "1.11.3",
      "resolved": "https://registry.npmjs.org/memoizerific/-/memoizerific-1.11.3.tgz",
      "integrity": "sha512-/EuHYwAPdLtXwAwSZkh/Gutery6pD2KYd44oQLhAvQp/50mpyduZh8Q7PYHXTCJ+wuXxt7oij2LXyIJOOYFPog==",
      "peer": true,
      "dependencies": {
        "map-or-similar": "^1.5.0"
      }
    },
    "node_modules/mockdate": {
      "version": "3.0.5",
      "resolved": "https://registry.npmjs.org/mockdate/-/mockdate-3.0.5.tgz",
      "integrity": "sha512-iniQP4rj1FhBdBYS/+eQv7j1tadJ9lJtdzgOpvsOHng/GbcDh2Fhdeq+ZRldrPYdXvCyfFUmFeEwEGXZB5I/AQ=="
    },
    "node_modules/object-inspect": {
      "version": "1.13.2",
      "resolved": "https://registry.npmjs.org/object-inspect/-/object-inspect-1.13.2.tgz",
      "integrity": "sha512-IRZSRuzJiynemAXPYtPe5BoI/RESNYR7TYm50MC5Mqbd3Jmw5y790sErYw3V6SryFJD64b74qQQs9wn5Bg/k3g==",
      "peer": true,
      "engines": {
        "node": ">= 0.4"
      },
      "funding": {
        "url": "https://github.com/sponsors/ljharb"
      }
    },
    "node_modules/qs": {
      "version": "6.12.3",
      "resolved": "https://registry.npmjs.org/qs/-/qs-6.12.3.tgz",
      "integrity": "sha512-AWJm14H1vVaO/iNZ4/hO+HyaTehuy9nRqVdkTqlJt0HWvBiBIEXFmb4C0DGeYo3Xes9rrEW+TxHsaigCbN5ICQ==",
      "peer": true,
      "dependencies": {
        "side-channel": "^1.0.6"
      },
      "engines": {
        "node": ">=0.6"
      },
      "funding": {
        "url": "https://github.com/sponsors/ljharb"
      }
    },
    "node_modules/ramda": {
      "version": "0.29.0",
      "resolved": "https://registry.npmjs.org/ramda/-/ramda-0.29.0.tgz",
      "integrity": "sha512-BBea6L67bYLtdbOqfp8f58fPMqEwx0doL+pAi8TZyp2YWz8R9G8z9x75CZI8W+ftqhFHCpEX2cRnUUXK130iKA==",
      "peer": true,
      "funding": {
        "type": "opencollective",
        "url": "https://opencollective.com/ramda"
      }
    },
    "node_modules/react": {
      "version": "18.3.1",
      "resolved": "https://registry.npmjs.org/react/-/react-18.3.1.tgz",
      "integrity": "sha512-wS+hAgJShR0KhEvPJArfuPVN1+Hz1t0Y6n5jLrGQbkb4urgPE/0Rve+1kMB1v/oWgHgm4WIcV+i7F2pTVj+2iQ==",
      "peer": true,
      "dependencies": {
        "loose-envify": "^1.1.0"
      },
      "engines": {
        "node": ">=0.10.0"
      }
    },
    "node_modules/react-dom": {
      "version": "18.3.1",
      "resolved": "https://registry.npmjs.org/react-dom/-/react-dom-18.3.1.tgz",
      "integrity": "sha512-5m4nQKp+rZRb09LNH59GM4BxTh9251/ylbKIbpe7TpGxfJ+9kv6BLkLBXIjjspbgbnIBNqlI23tRnTWT0snUIw==",
      "peer": true,
      "dependencies": {
        "loose-envify": "^1.1.0",
        "scheduler": "^0.23.2"
      },
      "peerDependencies": {
        "react": "^18.3.1"
      }
    },
    "node_modules/scheduler": {
      "version": "0.23.2",
      "resolved": "https://registry.npmjs.org/scheduler/-/scheduler-0.23.2.tgz",
      "integrity": "sha512-UOShsPwz7NrMUqhR6t0hWjFduvOzbtv7toDH1/hIrfRNIDBnnBWd0CwJTGvTpngVlmwGCdP9/Zl/tVrDqcuYzQ==",
      "peer": true,
      "dependencies": {
        "loose-envify": "^1.1.0"
      }
    },
    "node_modules/set-function-length": {
      "version": "1.2.2",
      "resolved": "https://registry.npmjs.org/set-function-length/-/set-function-length-1.2.2.tgz",
      "integrity": "sha512-pgRc4hJ4/sNjWCSS9AmnS40x3bNMDTknHgL5UaMBTMyJnU90EgWh1Rz+MC9eFu4BuN/UwZjKQuY/1v3rM7HMfg==",
      "peer": true,
      "dependencies": {
        "define-data-property": "^1.1.4",
        "es-errors": "^1.3.0",
        "function-bind": "^1.1.2",
        "get-intrinsic": "^1.2.4",
        "gopd": "^1.0.1",
        "has-property-descriptors": "^1.0.2"
      },
      "engines": {
        "node": ">= 0.4"
      }
    },
    "node_modules/side-channel": {
      "version": "1.0.6",
      "resolved": "https://registry.npmjs.org/side-channel/-/side-channel-1.0.6.tgz",
      "integrity": "sha512-fDW/EZ6Q9RiO8eFG8Hj+7u/oW+XrPTIChwCOM2+th2A6OblDtYYIpve9m+KvI9Z4C9qSEXlaGR6bTEYHReuglA==",
      "peer": true,
      "dependencies": {
        "call-bind": "^1.0.7",
        "es-errors": "^1.3.0",
        "get-intrinsic": "^1.2.4",
        "object-inspect": "^1.13.1"
      },
      "engines": {
        "node": ">= 0.4"
      },
      "funding": {
        "url": "https://github.com/sponsors/ljharb"
      }
    },
    "node_modules/store2": {
      "version": "2.14.3",
      "resolved": "https://registry.npmjs.org/store2/-/store2-2.14.3.tgz",
      "integrity": "sha512-4QcZ+yx7nzEFiV4BMLnr/pRa5HYzNITX2ri0Zh6sT9EyQHbBHacC6YigllUPU9X3D0f/22QCgfokpKs52YRrUg==",
      "peer": true
    },
    "node_modules/synchronous-promise": {
      "version": "2.0.17",
      "resolved": "https://registry.npmjs.org/synchronous-promise/-/synchronous-promise-2.0.17.tgz",
      "integrity": "sha512-AsS729u2RHUfEra9xJrE39peJcc2stq2+poBXX8bcM08Y6g9j/i/PUzwNQqkaJde7Ntg1TO7bSREbR5sdosQ+g==",
      "peer": true
    },
    "node_modules/telejson": {
      "version": "7.2.0",
      "resolved": "https://registry.npmjs.org/telejson/-/telejson-7.2.0.tgz",
      "integrity": "sha512-1QTEcJkJEhc8OnStBx/ILRu5J2p0GjvWsBx56bmZRqnrkdBMUe+nX92jxV+p3dB4CP6PZCdJMQJwCggkNBMzkQ==",
      "peer": true,
      "dependencies": {
        "memoizerific": "^1.11.3"
      }
    },
    "node_modules/tiny-invariant": {
      "version": "1.3.3",
      "resolved": "https://registry.npmjs.org/tiny-invariant/-/tiny-invariant-1.3.3.tgz",
      "integrity": "sha512-+FbBPE1o9QAYvviau/qC5SE3caw21q3xkvWKBtja5vgqOWIHHJ3ioaq1VPfn/Szqctz2bU/oYeKd9/z5BL+PVg==",
      "peer": true
    },
    "node_modules/to-fast-properties": {
      "version": "2.0.0",
      "resolved": "https://registry.npmjs.org/to-fast-properties/-/to-fast-properties-2.0.0.tgz",
      "integrity": "sha512-/OaKK0xYrs3DmxRYqL/yDc+FxFUVYhDlXMhRmv3z915w2HF1tnN1omB354j8VUGO/hbRzyD6Y3sA7v7GS/ceog==",
      "peer": true,
      "engines": {
        "node": ">=4"
      }
    },
    "node_modules/ts-dedent": {
      "version": "2.2.0",
      "resolved": "https://registry.npmjs.org/ts-dedent/-/ts-dedent-2.2.0.tgz",
      "integrity": "sha512-q5W7tVM71e2xjHZTlgfTDoPF/SmqKG5hddq9SzR49CH2hayqRKJtQ4mtRlSxKaJlR/+9rEM+mnBHf7I2/BQcpQ==",
      "peer": true,
      "engines": {
        "node": ">=6.10"
      }
    },
    "node_modules/type-fest": {
      "version": "2.19.0",
      "resolved": "https://registry.npmjs.org/type-fest/-/type-fest-2.19.0.tgz",
      "integrity": "sha512-RAH822pAdBgcNMAfWnCBU3CFZcfZ/i1eZjwFU/dsLKumyuuP3niueg2UAukXYF0E2AAoc82ZSSf9J0WQBinzHA==",
      "peer": true,
      "engines": {
        "node": ">=12.20"
      },
      "funding": {
        "url": "https://github.com/sponsors/sindresorhus"
      }
    },
    "node_modules/undici-types": {
      "version": "5.26.5",
      "resolved": "https://registry.npmjs.org/undici-types/-/undici-types-5.26.5.tgz",
      "integrity": "sha512-JlCMO+ehdEIKqlFxk6IfVoAUVmgz7cU7zD/h9XZ0qzeosSHmUJVOzSQvvYSYWXkFXC+IfLKSIffhv0sVZup6pA==",
      "peer": true
    },
    "node_modules/universalify": {
      "version": "2.0.1",
      "resolved": "https://registry.npmjs.org/universalify/-/universalify-2.0.1.tgz",
      "integrity": "sha512-gptHNQghINnc/vTGIk0SOFGFNXw7JVrlRUtConJRlvaw6DuX0wO5Jeko9sWrMBhh+PsYAZ7oXAiOnf/UKogyiw==",
      "peer": true,
      "engines": {
        "node": ">= 10.0.0"
      }
    },
    "node_modules/util-deprecate": {
      "version": "1.0.2",
      "resolved": "https://registry.npmjs.org/util-deprecate/-/util-deprecate-1.0.2.tgz",
      "integrity": "sha512-EPD5q1uXyFxJpCrLnCc1nHnq3gOa6DZBocAIiI2TaSCA7VCJ1UJDMagCzIkXNsUYfD1daK//LTEQ8xiIbrHtcw==",
      "peer": true
    }
  }
}
